
Microsoft Visual Studio Solution File, Format Version 12.00
# Visual Studio Version 17
VisualStudioVersion = 17.14.36109.1 d17.14
MinimumVisualStudioVersion = 10.0.40219.1
Project("{FAE04EC0-301F-11D3-BF4B-00C04F79EFBC}") = "PAC4", "PAC4\PAC4.csproj", "{47074EF4-4248-40F8-A1B4-26ADCA3CB9DC}"
EndProject
Global
	GlobalSection(SolutionConfigurationPlatforms) = preSolution
		Debug|Any CPU = Debug|Any CPU
		Release|Any CPU = Release|Any CPU
	EndGlobalSection
	GlobalSection(ProjectConfigurationPlatforms) = postSolution
		{47074EF4-4248-40F8-A1B4-26ADCA3CB9DC}.Debug|Any CPU.ActiveCfg = Debug|Any CPU
		{47074EF4-4248-40F8-A1B4-26ADCA3CB9DC}.Debug|Any CPU.Build.0 = Debug|Any CPU
		{47074EF4-4248-40F8-A1B4-26ADCA3CB9DC}.Release|Any CPU.ActiveCfg = Release|Any CPU
		{47074EF4-4248-40F8-A1B4-26ADCA3CB9DC}.Release|Any CPU.Build.0 = Release|Any CPU
	EndGlobalSection
	GlobalSection(SolutionProperties) = preSolution
		HideSolutionNode = FALSE
	EndGlobalSection
	GlobalSection(ExtensibilityGlobals) = postSolution
		SolutionGuid = {340A33A3-9045-4775-BA6A-9283DE1E7693}
	EndGlobalSection
EndGlobal
